<?xml version="1.0" encoding="utf-8"?>
<Project ToolsVersion="4.0" xmlns="http://schemas.microsoft.com/developer/msbuild/2003">
  <ItemGroup>
    <ClCompile Include="DancingZombie.cpp" />
    <ClCompile Include="DolphinRiderZombie.cpp" />
    <ClCompile Include="FlyingZombie.cpp" />
    <ClCompile Include="Peashooter.cpp" />
    <ClCompile Include="Plant.cpp" />
    <ClCompile Include="Repeater.cpp" />
    <ClCompile Include="Shooter.cpp" />
    <ClCompile Include="Wallnut.cpp" />
    <ClCompile Include="Zombie.cpp" />
    <ClCompile Include="Bullet.cpp" />
    <ClCompile Include="Entity.cpp" />
    <ClCompile Include="Position.cpp" />
    <ClCompile Include="Source.cpp" />
    <ClCompile Include="ZombieFactory.cpp" />
    <ClCompile Include="SnowBullet.cpp" />
    <ClCompile Include="SnowPea.cpp" />
    <ClCompile Include="LawnMower.cpp" />
    <ClCompile Include="Slot.cpp" />
    <ClCompile Include="PlantsFactory.cpp" />
    <ClCompile Include="FootballZombie.cpp" />
    <ClCompile Include="GameState.cpp" />
    <ClCompile Include="SimpleZombie.cpp" />
    <ClCompile Include="Sun.cpp" />
    <ClCompile Include="CherryBomb.cpp" />
  </ItemGroup>
  <ItemGroup>
    <ClInclude Include="Bullet.h" />
    <ClInclude Include="DancingZombie.h" />
    <ClInclude Include="DolphinRiderZombie.h" />
    <ClInclude Include="Entity.h" />
    <ClInclude Include="FlyingZombie.h" />
    <ClInclude Include="Peashooter.h" />
    <ClInclude Include="Plant.h" />
    <ClInclude Include="Repeater.h" />
    <ClInclude Include="Shooter.h" />
    <ClInclude Include="Wallnut.h" />
    <ClInclude Include="Zombie.h" />
    <ClInclude Include="Position.h" />
    <ClInclude Include="ZombieFactory.h" />
    <ClInclude Include="headers.h" />
    <ClInclude Include="Lawnmower.h" />
    <ClInclude Include="SnowBullet.h" />
    <ClInclude Include="SnowPea.h" />
    <ClInclude Include="CherryBomb.h" />
    <ClInclude Include="Slot.h" />
    <ClInclude Include="PlantFactory.h" />
    <ClInclude Include="FootballZombie.h" />
    <ClInclude Include="GameState.h" />
    <ClInclude Include="SimpleZombie.h" />
    <ClInclude Include="Sun.h" />
  </ItemGroup>
  <ItemGroup>
    <None Include="Menu.h" />
  </ItemGroup>
</Project>